
Microsoft Visual Studio Solution File, Format Version 12.00
# Visual Studio Version 17
VisualStudioVersion = 17.4.33403.182
MinimumVisualStudioVersion = 10.0.40219.1
Project("{FAE04EC0-301F-11D3-BF4B-00C04F79EFBC}") = "Cuenta_Sapo", "Cuenta_Sapo\Cuenta_Sapo.csproj", "{3E8225B7-D861-442A-A4D9-ED2CD3388992}"
EndProject
Global
	GlobalSection(SolutionConfigurationPlatforms) = preSolution
		Debug|Any CPU = Debug|Any CPU
		Release|Any CPU = Release|Any CPU
	EndGlobalSection
	GlobalSection(ProjectConfigurationPlatforms) = postSolution
		{3E8225B7-D861-442A-A4D9-ED2CD3388992}.Debug|Any CPU.ActiveCfg = Debug|Any CPU
		{3E8225B7-D861-442A-A4D9-ED2CD3388992}.Debug|Any CPU.Build.0 = Debug|Any CPU
		{3E8225B7-D861-442A-A4D9-ED2CD3388992}.Release|Any CPU.ActiveCfg = Release|Any CPU
		{3E8225B7-D861-442A-A4D9-ED2CD3388992}.Release|Any CPU.Build.0 = Release|Any CPU
	EndGlobalSection
	GlobalSection(SolutionProperties) = preSolution
		HideSolutionNode = FALSE
	EndGlobalSection
	GlobalSection(ExtensibilityGlobals) = postSolution
		SolutionGuid = {2B6946EE-B65C-4A5B-91B1-11749C54EFFA}
	EndGlobalSection
EndGlobal
